{
    "_meta": {
        "hash": {
            "sha256": "79f854d3a046c870633d015f3d71cc7eae0729d36e5e7ca5ddbc711c75cc70e0"
        },
        "pipfile-spec": 6,
        "requires": {
            "python_version": "3.11"
        },
        "sources": [
            {
                "name": "pypi",
                "url": "https://pypi.org/simple",
                "verify_ssl": true
            }
        ]
    },
    "default": {
        "ifaddr": {
            "hashes": [
                "sha256:085e0305cfe6f16ab12d72e2024030f5d52674afad6911bb1eee207177b8a748",
                "sha256:cc0cbfcaabf765d44595825fb96a99bb12c79716b73b44330ea38ee2b0c4aed4"
            ],
            "version": "==0.2.0"
        },
        "psutil": {
            "hashes": [
                "sha256:02615ed8c5ea222323408ceba16c60e99c3f91639b07da6373fb7e6539abc56d",
                "sha256:05806de88103b25903dff19bb6692bd2e714ccf9e668d050d144012055cbca73",
                "sha256:26bd09967ae00920df88e0352a91cff1a78f8d69b3ecabbfe733610c0af486c8",
                "sha256:27cc40c3493bb10de1be4b3f07cae4c010ce715290a5be22b98493509c6299e2",
                "sha256:36f435891adb138ed3c9e58c6af3e2e6ca9ac2f365efe1f9cfef2794e6c93b4e",
                "sha256:50187900d73c1381ba1454cf40308c2bf6f34268518b3f36a9b663ca87e65e36",
                "sha256:611052c4bc70432ec770d5d54f64206aa7203a101ec273a0cd82418c86503bb7",
                "sha256:6be126e3225486dff286a8fb9a06246a5253f4c7c53b475ea5f5ac934e64194c",
                "sha256:7d79560ad97af658a0f6adfef8b834b53f64746d45b403f225b85c5c2c140eee",
                "sha256:8cb6403ce6d8e047495a701dc7c5bd788add903f8986d523e3e20b98b733e421",
                "sha256:8db4c1b57507eef143a15a6884ca10f7c73876cdf5d51e713151c1236a0e68cf",
                "sha256:aee678c8720623dc456fa20659af736241f575d79429a0e5e9cf88ae0605cc81",
                "sha256:bc56c2a1b0d15aa3eaa5a60c9f3f8e3e565303b465dbf57a1b730e7a2b9844e0",
                "sha256:bd1184ceb3f87651a67b2708d4c3338e9b10c5df903f2e3776b62303b26cb631",
                "sha256:d06016f7f8625a1825ba3732081d77c94589dca78b7a3fc072194851e88461a4",
                "sha256:d16bbddf0693323b8c6123dd804100241da461e41d6e332fb0ba6058f630f8c8"
            ],
            "index": "pypi",
            "markers": "python_version >= '2.7' and python_version not in '3.0, 3.1, 3.2, 3.3, 3.4, 3.5'",
            "version": "==5.9.8"
        },
        "pyusb": {
            "hashes": [
                "sha256:2b4c7cb86dbadf044dfb9d3a4ff69fd217013dbe78a792177a3feb172449ea36",
                "sha256:a4cc7404a203144754164b8b40994e2849fde1cfff06b08492f12fff9d9de7b9"
            ],
            "index": "pypi",
            "markers": "python_full_version >= '3.6.0'",
            "version": "==1.2.1"
        },
        "pyvisa": {
            "hashes": [
                "sha256:6e4dfc9b6029b4f00d0d4960348c4889c2747aa7f83276950d48a349eab36a45",
                "sha256:71030041ed4c5dad77687454cf44b8be4d1642e9d1aaa22019248d41d8ed7a79"
            ],
            "markers": "python_version >= '3.8'",
            "version": "==1.14.1"
        },
        "pyvisa-py": {
            "hashes": [
                "sha256:4c5f5b867858457dbebfff92a42fba2d8b046d28defbbec2a09e3c1f0850e851",
                "sha256:c53b941a5ee6547aadc5321f930c924dd5c4434891bc512fcafcdd5a4a8d110d"
            ],
            "index": "pypi",
            "markers": "python_version >= '3.8'",
            "version": "==0.7.2"
        },
        "typing-extensions": {
            "hashes": [
                "sha256:69b1a937c3a517342112fb4c6df7e72fc39a38e7891a5730ed4985b5214b5475",
                "sha256:b0abd7c89e8fb96f98db18d86106ff1d90ab692004eb746cf6eda2682f91b3cb"
            ],
            "markers": "python_version >= '3.8'",
            "version": "==4.10.0"
        },
        "zeroconf": {
            "hashes": [
                "sha256:0251034ed1d57eeb4e08782b22cc51e2455da7552b592bfad69a5761e69241c7",
                "sha256:02e3b6d1c1df87e8bc450de3f973ab9f4cfd1b4c0a3fb9e933d84580a1d61263",
                "sha256:08eb87b0500ddc7c148fe3db3913e9d07d5495d756d7d75683f2dee8d7a09dc5",
                "sha256:10e8d23cee434077a10ceec4b419b9de8c84ede7f42b64e735d0f0b7708b0c66",
                "sha256:14f0bef6b4f7bd0caf80f207acd1e399e8d8a37e12266d80871a2ed6c9ee3b16",
                "sha256:18ff5b28e8935e5399fe47ece323e15816bc2ea4111417c41fc09726ff056cd2",
                "sha256:194cf1465a756c3090e23ef2a5bd3341caa8d36eef486054daa8e532a4e24ac8",
                "sha256:1a57e0c4a94276ec690d2ecf1edeea158aaa3a7f38721af6fa572776dda6c8ad",
                "sha256:2389e3a61e99bf74796da7ebc3001b90ecd4e6286f392892b1211748e5b19853",
                "sha256:24b0a46c5f697cd6a0b27678ea65a3222b95f1804be6b38c6f5f1a7ce8b5cded",
                "sha256:28d906fc0779badb2183f5b20dbcc7e508cce53a13e63ba4d9477381c9f77463",
                "sha256:2907784c8c88795bf1b74cc9b6a4051e37a519ae2caaa7307787d466bc57884c",
                "sha256:34c3379d899361cd9d6b573ea9ac1eba53e2306eb28f94353b58c4703f0e74ae",
                "sha256:3768ab13a8d7f0df85e40e766edd9e2aef28710a350dc4b15e1f2c5dd1326f00",
                "sha256:38bfd08c9191716d65e6ac52741442ee918bfe2db43993aa4d3b365966c0ab48",
                "sha256:3a49aaff22bc576680b4bcb3c7de896587f6ab4adaa788bedbc468dd0ad28cce",
                "sha256:3b167b9e47f3fec8cc28a8f73a9e47c563ceb6681c16dcbe2c7d41e084cee755",
                "sha256:3bc16228495e67ec990668970e815b341160258178c21b7716400c5e7a78976a",
                "sha256:3f49ec4e8d5bd860e9958e88e8b312e31828f5cb2203039390c551f3fb0b45dd",
                "sha256:434344df3037df08bad7422d5d36a415f30ddcc29ac1ad0cc0160b4976b782b5",
                "sha256:4713e5cd986f9467494e5b47b0149ac0ffd7ad630d78cd6f6d2555b199e5a653",
                "sha256:4865ef65b7eb7eee1a38c05bf7e91dd8182ef2afb1add65440f99e8dd43836d2",
                "sha256:52b65e5eeacae121695bcea347cc9ad7da5556afcd3765c461e652ca3e8a84e9",
                "sha256:551c04799325c890f2baa347e82cd2c3fb1d01b14940d7695f27c49cd2413b0c",
                "sha256:5d777b177cb472f7996b9d696b81337bfb846dbe454b8a34a8e33704d3a435b0",
                "sha256:6a041468c428622798193f0006831237aa749ee23e26b5b79e457618484457ef",
                "sha256:6c55a1627290ba0718022fb63cf5a25d773c52b00319ef474dd443ebe92efab1",
                "sha256:7c4235f45defd43bb2402ff8d3c7ff5d740e671bfd926852541c282ebef992bc",
                "sha256:8642d374481d8cc7be9e364b82bcd11bda4a095c24c5f9f5754017a118496b77",
                "sha256:90c431e99192a044a5e0217afd7ca0ca9824af93190332e6f7baf4da5375f331",
                "sha256:9a7f3b9a580af6bf74a7c435b80925dfeb065c987dffaf4d957d578366a80b2c",
                "sha256:9dfa3d8827efffebec61b108162eeb76b0fe170a8379f9838be441f61b4557fd",
                "sha256:a3f1d959e3a57afa6b383eb880048929473507b1cc0e8b5e1a72ddf0fc1bbb77",
                "sha256:a613827f97ca49e2b4b6d6eb7e61a0485afe23447978a60f42b981a45c2b25fd",
                "sha256:a984c93aa413a594f048ef7166f0d9be73b0cd16dfab1395771b7c0607e07817",
                "sha256:b843d5e2d2e576efeab59e382907bca1302f20eb33ee1a0a485e90d017b1088a",
                "sha256:bdb1a2a67e34059e69aaead600525e91c126c46502ada1c7fc3d2c082cc8ad27",
                "sha256:bf9ec50ffdf4e179c035f96a106a5c510d5295c5fb7e2e69dd4cda7b7f42f8bf",
                "sha256:c10158396d6875f790bfb5600391d44edcbf52ac4d148e19baab3e8bb7825f76",
                "sha256:c3f0f87e47e4d5a9bcfcfc1ce29d0e9127a5cab63e839cc6f845c563f29d765c",
                "sha256:c75bb2c1e472723067c7ec986ea510350c335bf8e73ad12617fc6a9ec765dc4b",
                "sha256:cb2879708357cac9805d20944973f3d50b472c703b8eaadd9bf136024c5539b4",
                "sha256:cc7a76103b03f47d2aa02206f74cc8b2120f4bac02936ccee5d6f29290f5bde5",
                "sha256:ce67d8dab4d88bcd1e5975d08235590fc5b9f31b2e2b7993ee1680810e67e56d",
                "sha256:d08170123f5c04480bd7a82122b46c5afdb91553a9cef7d686d3fb9c369a9204",
                "sha256:d4baa0450b9b0f1bd8acc25c2970d4e49e54726cbc437b81ffb65e5ffb6bd321",
                "sha256:d5d92987c3669edbfa9f911a8ef1c46cfd2c3e51971fc80c215f99212b81d4b1",
                "sha256:e0d1357940b590466bc72ac605e6ad3f7f05b2e1475b6896ec8e4c61e4d23034",
                "sha256:e7d51df61579862414ac544f2892ea3c91a6b45dd728d4fb6260d65bf6f1ef0f",
                "sha256:f74149a22a6a27e4c039f6477188dcbcb910acd60529dab5c114ff6265d40ba7",
                "sha256:fdcb9cb0555c7947f29a4d5c05c98e260a04f37d6af31aede1e981bf1bdf8691"
            ],
            "index": "pypi",
            "markers": "python_version >= '3.7' and python_version < '4.0'",
            "version": "==0.131.0"
        }
    },
    "develop": {}
}
